// !$*UTF8*$!
{
	archiveVersion = 1;
	classes = {
	};
	objectVersion = 46;
	objects = {

/* Begin PBXBuildFile section */
		96126880195A77C2000C6CBB /* Foundation.framework in Frameworks */ = {isa = PBXBuildFile; fileRef = 9612687F195A77C2000C6CBB /* Foundation.framework */; };
		96126882195A77C2000C6CBB /* CoreGraphics.framework in Frameworks */ = {isa = PBXBuildFile; fileRef = 96126881195A77C2000C6CBB /* CoreGraphics.framework */; };
		96126884195A77C2000C6CBB /* UIKit.framework in Frameworks */ = {isa = PBXBuildFile; fileRef = 96126883195A77C2000C6CBB /* UIKit.framework */; };
		9612688A195A77C2000C6CBB /* InfoPlist.strings in Resources */ = {isa = PBXBuildFile; fileRef = 96126888195A77C2000C6CBB /* InfoPlist.strings */; };
		9612688C195A77C2000C6CBB /* main.m in Sources */ = {isa = PBXBuildFile; fileRef = 9612688B195A77C2000C6CBB /* main.m */; };
		96126890195A77C2000C6CBB /* AppDelegate.m in Sources */ = {isa = PBXBuildFile; fileRef = 9612688F195A77C2000C6CBB /* AppDelegate.m */; };
		96126893195A77C2000C6CBB /* Main_iPhone.storyboard in Resources */ = {isa = PBXBuildFile; fileRef = 96126891195A77C2000C6CBB /* Main_iPhone.storyboard */; };
		96126896195A77C2000C6CBB /* Main_iPad.storyboard in Resources */ = {isa = PBXBuildFile; fileRef = 96126894195A77C2000C6CBB /* Main_iPad.storyboard */; };
		96126899195A77C2000C6CBB /* ViewController.m in Sources */ = {isa = PBXBuildFile; fileRef = 96126898195A77C2000C6CBB /* ViewController.m */; };
		9612689B195A77C2000C6CBB /* Images.xcassets in Resources */ = {isa = PBXBuildFile; fileRef = 9612689A195A77C2000C6CBB /* Images.xcassets */; };
		961268A2195A77C2000C6CBB /* XCTest.framework in Frameworks */ = {isa = PBXBuildFile; fileRef = 961268A1195A77C2000C6CBB /* XCTest.framework */; };
		961268A3195A77C2000C6CBB /* Foundation.framework in Frameworks */ = {isa = PBXBuildFile; fileRef = 9612687F195A77C2000C6CBB /* Foundation.framework */; };
		961268A4195A77C2000C6CBB /* UIKit.framework in Frameworks */ = {isa = PBXBuildFile; fileRef = 96126883195A77C2000C6CBB /* UIKit.framework */; };
		961268AC195A77C2000C6CBB /* InfoPlist.strings in Resources */ = {isa = PBXBuildFile; fileRef = 961268AA195A77C2000C6CBB /* InfoPlist.strings */; };
		961268AE195A77C2000C6CBB /* SoundHandShakeTests.m in Sources */ = {isa = PBXBuildFile; fileRef = 961268AD195A77C2000C6CBB /* SoundHandShakeTests.m */; };
		961268BC195A7B3D000C6CBB /* KeyHelper.m in Sources */ = {isa = PBXBuildFile; fileRef = 961268B9195A7B3D000C6CBB /* KeyHelper.m */; };
		961268BD195A7B3D000C6CBB /* RIOInterface.mm in Sources */ = {isa = PBXBuildFile; fileRef = 961268BB195A7B3D000C6CBB /* RIOInterface.mm */; };
		961268C2195A7C70000C6CBB /* CAXException.cpp in Sources */ = {isa = PBXBuildFile; fileRef = 961268BF195A7C70000C6CBB /* CAXException.cpp */; };
		961268C4195A7C91000C6CBB /* AudioToolbox.framework in Frameworks */ = {isa = PBXBuildFile; fileRef = 961268C3195A7C91000C6CBB /* AudioToolbox.framework */; };
		961268C6195A7C9A000C6CBB /* AVFoundation.framework in Frameworks */ = {isa = PBXBuildFile; fileRef = 961268C5195A7C9A000C6CBB /* AVFoundation.framework */; };
		961268C8195A7CA9000C6CBB /* CoreAudio.framework in Frameworks */ = {isa = PBXBuildFile; fileRef = 961268C7195A7CA9000C6CBB /* CoreAudio.framework */; };
		961268CA195A7CB1000C6CBB /* Accelerate.framework in Frameworks */ = {isa = PBXBuildFile; fileRef = 961268C9195A7CB1000C6CBB /* Accelerate.framework */; };
		961268CD195A7D8F000C6CBB /* CADebugPrintf.cpp in Sources */ = {isa = PBXBuildFile; fileRef = 961268CB195A7D8F000C6CBB /* CADebugPrintf.cpp */; };
		96685CE9195BBAD800BC5EDA /* ToneGenerator.m in Sources */ = {isa = PBXBuildFile; fileRef = 96685CE8195BBAD800BC5EDA /* ToneGenerator.m */; };
		96685CED195BC1C300BC5EDA /* SoundPreference.m in Sources */ = {isa = PBXBuildFile; fileRef = 96685CEC195BC1C300BC5EDA /* SoundPreference.m */; };
		96EC1BE4195AB042002E56FB /* Synth.m in Sources */ = {isa = PBXBuildFile; fileRef = 96EC1BE3195AB042002E56FB /* Synth.m */; };
		96EC1BE7195AB04D002E56FB /* MHAudioBufferPlayer.m in Sources */ = {isa = PBXBuildFile; fileRef = 96EC1BE6195AB04D002E56FB /* MHAudioBufferPlayer.m */; };
/* End PBXBuildFile section */

/* Begin PBXContainerItemProxy section */
		961268A5195A77C2000C6CBB /* PBXContainerItemProxy */ = {
			isa = PBXContainerItemProxy;
			containerPortal = 96126874195A77C2000C6CBB /* Project object */;
			proxyType = 1;
			remoteGlobalIDString = 9612687B195A77C2000C6CBB;
			remoteInfo = SoundHandShake;
		};
/* End PBXContainerItemProxy section */

/* Begin PBXFileReference section */
		9612687C195A77C2000C6CBB /* SoundHandShake.app */ = {isa = PBXFileReference; explicitFileType = wrapper.application; includeInIndex = 0; path = SoundHandShake.app; sourceTree = BUILT_PRODUCTS_DIR; };
		9612687F195A77C2000C6CBB /* Foundation.framework */ = {isa = PBXFileReference; lastKnownFileType = wrapper.framework; name = Foundation.framework; path = System/Library/Frameworks/Foundation.framework; sourceTree = SDKROOT; };
		96126881195A77C2000C6CBB /* CoreGraphics.framework */ = {isa = PBXFileReference; lastKnownFileType = wrapper.framework; name = CoreGraphics.framework; path = System/Library/Frameworks/CoreGraphics.framework; sourceTree = SDKROOT; };
		96126883195A77C2000C6CBB /* UIKit.framework */ = {isa = PBXFileReference; lastKnownFileType = wrapper.framework; name = UIKit.framework; path = System/Library/Frameworks/UIKit.framework; sourceTree = SDKROOT; };
		96126887195A77C2000C6CBB /* SoundHandShake-Info.plist */ = {isa = PBXFileReference; lastKnownFileType = text.plist.xml; path = "SoundHandShake-Info.plist"; sourceTree = "<group>"; };
		96126889195A77C2000C6CBB /* en */ = {isa = PBXFileReference; lastKnownFileType = text.plist.strings; name = en; path = en.lproj/InfoPlist.strings; sourceTree = "<group>"; };
		9612688B195A77C2000C6CBB /* main.m */ = {isa = PBXFileReference; lastKnownFileType = sourcecode.c.objc; path = main.m; sourceTree = "<group>"; };
		9612688D195A77C2000C6CBB /* SoundHandShake-Prefix.pch */ = {isa = PBXFileReference; lastKnownFileType = sourcecode.c.h; path = "SoundHandShake-Prefix.pch"; sourceTree = "<group>"; };
		9612688E195A77C2000C6CBB /* AppDelegate.h */ = {isa = PBXFileReference; lastKnownFileType = sourcecode.c.h; path = AppDelegate.h; sourceTree = "<group>"; };
		9612688F195A77C2000C6CBB /* AppDelegate.m */ = {isa = PBXFileReference; lastKnownFileType = sourcecode.c.objc; path = AppDelegate.m; sourceTree = "<group>"; };
		96126892195A77C2000C6CBB /* Base */ = {isa = PBXFileReference; lastKnownFileType = file.storyboard; name = Base; path = Base.lproj/Main_iPhone.storyboard; sourceTree = "<group>"; };
		96126895195A77C2000C6CBB /* Base */ = {isa = PBXFileReference; lastKnownFileType = file.storyboard; name = Base; path = Base.lproj/Main_iPad.storyboard; sourceTree = "<group>"; };
		96126897195A77C2000C6CBB /* ViewController.h */ = {isa = PBXFileReference; lastKnownFileType = sourcecode.c.h; path = ViewController.h; sourceTree = "<group>"; };
		96126898195A77C2000C6CBB /* ViewController.m */ = {isa = PBXFileReference; lastKnownFileType = sourcecode.c.objc; path = ViewController.m; sourceTree = "<group>"; };
		9612689A195A77C2000C6CBB /* Images.xcassets */ = {isa = PBXFileReference; lastKnownFileType = folder.assetcatalog; path = Images.xcassets; sourceTree = "<group>"; };
		961268A0195A77C2000C6CBB /* SoundHandShakeTests.xctest */ = {isa = PBXFileReference; explicitFileType = wrapper.cfbundle; includeInIndex = 0; path = SoundHandShakeTests.xctest; sourceTree = BUILT_PRODUCTS_DIR; };
		961268A1195A77C2000C6CBB /* XCTest.framework */ = {isa = PBXFileReference; lastKnownFileType = wrapper.framework; name = XCTest.framework; path = Library/Frameworks/XCTest.framework; sourceTree = DEVELOPER_DIR; };
		961268A9195A77C2000C6CBB /* SoundHandShakeTests-Info.plist */ = {isa = PBXFileReference; lastKnownFileType = text.plist.xml; path = "SoundHandShakeTests-Info.plist"; sourceTree = "<group>"; };
		961268AB195A77C2000C6CBB /* en */ = {isa = PBXFileReference; lastKnownFileType = text.plist.strings; name = en; path = en.lproj/InfoPlist.strings; sourceTree = "<group>"; };
		961268AD195A77C2000C6CBB /* SoundHandShakeTests.m */ = {isa = PBXFileReference; lastKnownFileType = sourcecode.c.objc; path = SoundHandShakeTests.m; sourceTree = "<group>"; };
		961268B8195A7B3D000C6CBB /* KeyHelper.h */ = {isa = PBXFileReference; fileEncoding = 4; lastKnownFileType = sourcecode.c.h; path = KeyHelper.h; sourceTree = "<group>"; };
		961268B9195A7B3D000C6CBB /* KeyHelper.m */ = {isa = PBXFileReference; fileEncoding = 4; lastKnownFileType = sourcecode.c.objc; path = KeyHelper.m; sourceTree = "<group>"; };
		961268BA195A7B3D000C6CBB /* RIOInterface.h */ = {isa = PBXFileReference; fileEncoding = 4; lastKnownFileType = sourcecode.c.h; path = RIOInterface.h; sourceTree = "<group>"; };
		961268BB195A7B3D000C6CBB /* RIOInterface.mm */ = {isa = PBXFileReference; fileEncoding = 4; lastKnownFileType = sourcecode.cpp.objcpp; path = RIOInterface.mm; sourceTree = "<group>"; };
		961268BE195A7C70000C6CBB /* CAXException.h */ = {isa = PBXFileReference; fileEncoding = 4; lastKnownFileType = sourcecode.c.h; path = CAXException.h; sourceTree = "<group>"; };
		961268BF195A7C70000C6CBB /* CAXException.cpp */ = {isa = PBXFileReference; fileEncoding = 4; lastKnownFileType = sourcecode.cpp.cpp; path = CAXException.cpp; sourceTree = "<group>"; };
		961268C0195A7C70000C6CBB /* CAStreamBasicDescription.h */ = {isa = PBXFileReference; fileEncoding = 4; lastKnownFileType = sourcecode.c.h; path = CAStreamBasicDescription.h; sourceTree = "<group>"; };
		961268C1195A7C70000C6CBB /* CADebugMacros.h */ = {isa = PBXFileReference; fileEncoding = 4; lastKnownFileType = sourcecode.c.h; path = CADebugMacros.h; sourceTree = "<group>"; };
		961268C3195A7C91000C6CBB /* AudioToolbox.framework */ = {isa = PBXFileReference; lastKnownFileType = wrapper.framework; name = AudioToolbox.framework; path = System/Library/Frameworks/AudioToolbox.framework; sourceTree = SDKROOT; };
		961268C5195A7C9A000C6CBB /* AVFoundation.framework */ = {isa = PBXFileReference; lastKnownFileType = wrapper.framework; name = AVFoundation.framework; path = System/Library/Frameworks/AVFoundation.framework; sourceTree = SDKROOT; };
		961268C7195A7CA9000C6CBB /* CoreAudio.framework */ = {isa = PBXFileReference; lastKnownFileType = wrapper.framework; name = CoreAudio.framework; path = System/Library/Frameworks/CoreAudio.framework; sourceTree = SDKROOT; };
		961268C9195A7CB1000C6CBB /* Accelerate.framework */ = {isa = PBXFileReference; lastKnownFileType = wrapper.framework; name = Accelerate.framework; path = System/Library/Frameworks/Accelerate.framework; sourceTree = SDKROOT; };
		961268CB195A7D8F000C6CBB /* CADebugPrintf.cpp */ = {isa = PBXFileReference; fileEncoding = 4; lastKnownFileType = sourcecode.cpp.cpp; path = CADebugPrintf.cpp; sourceTree = "<group>"; };
		961268CC195A7D8F000C6CBB /* CADebugPrintf.h */ = {isa = PBXFileReference; fileEncoding = 4; lastKnownFileType = sourcecode.c.h; path = CADebugPrintf.h; sourceTree = "<group>"; };
		96685CE7195BBAD800BC5EDA /* ToneGenerator.h */ = {isa = PBXFileReference; fileEncoding = 4; lastKnownFileType = sourcecode.c.h; path = ToneGenerator.h; sourceTree = "<group>"; };
		96685CE8195BBAD800BC5EDA /* ToneGenerator.m */ = {isa = PBXFileReference; fileEncoding = 4; lastKnownFileType = sourcecode.c.objc; path = ToneGenerator.m; sourceTree = "<group>"; };
		96685CEB195BC1C300BC5EDA /* SoundPreference.h */ = {isa = PBXFileReference; fileEncoding = 4; lastKnownFileType = sourcecode.c.h; path = SoundPreference.h; sourceTree = "<group>"; };
		96685CEC195BC1C300BC5EDA /* SoundPreference.m */ = {isa = PBXFileReference; fileEncoding = 4; lastKnownFileType = sourcecode.c.objc; path = SoundPreference.m; sourceTree = "<group>"; };
		96EC1BE2195AB042002E56FB /* Synth.h */ = {isa = PBXFileReference; fileEncoding = 4; lastKnownFileType = sourcecode.c.h; path = Synth.h; sourceTree = "<group>"; };
		96EC1BE3195AB042002E56FB /* Synth.m */ = {isa = PBXFileReference; fileEncoding = 4; lastKnownFileType = sourcecode.c.objc; path = Synth.m; sourceTree = "<group>"; };
		96EC1BE5195AB04D002E56FB /* MHAudioBufferPlayer.h */ = {isa = PBXFileReference; fileEncoding = 4; lastKnownFileType = sourcecode.c.h; path = MHAudioBufferPlayer.h; sourceTree = "<group>"; };
		96EC1BE6195AB04D002E56FB /* MHAudioBufferPlayer.m */ = {isa = PBXFileReference; fileEncoding = 4; lastKnownFileType = sourcecode.c.objc; path = MHAudioBufferPlayer.m; sourceTree = "<group>"; };
/* End PBXFileReference section */

/* Begin PBXFrameworksBuildPhase section */
		96126879195A77C2000C6CBB /* Frameworks */ = {
			isa = PBXFrameworksBuildPhase;
			buildActionMask = 2147483647;
			files = (
				961268CA195A7CB1000C6CBB /* Accelerate.framework in Frameworks */,
				961268C8195A7CA9000C6CBB /* CoreAudio.framework in Frameworks */,
				961268C6195A7C9A000C6CBB /* AVFoundation.framework in Frameworks */,
				961268C4195A7C91000C6CBB /* AudioToolbox.framework in Frameworks */,
				96126882195A77C2000C6CBB /* CoreGraphics.framework in Frameworks */,
				96126884195A77C2000C6CBB /* UIKit.framework in Frameworks */,
				96126880195A77C2000C6CBB /* Foundation.framework in Frameworks */,
			);
			runOnlyForDeploymentPostprocessing = 0;
		};
		9612689D195A77C2000C6CBB /* Frameworks */ = {
			isa = PBXFrameworksBuildPhase;
			buildActionMask = 2147483647;
			files = (
				961268A2195A77C2000C6CBB /* XCTest.framework in Frameworks */,
				961268A4195A77C2000C6CBB /* UIKit.framework in Frameworks */,
				961268A3195A77C2000C6CBB /* Foundation.framework in Frameworks */,
			);
			runOnlyForDeploymentPostprocessing = 0;
		};
/* End PBXFrameworksBuildPhase section */

/* Begin PBXGroup section */
		96126873195A77C2000C6CBB = {
			isa = PBXGroup;
			children = (
				96126885195A77C2000C6CBB /* SoundHandShake */,
				961268A7195A77C2000C6CBB /* SoundHandShakeTests */,
				9612687E195A77C2000C6CBB /* Frameworks */,
				9612687D195A77C2000C6CBB /* Products */,
			);
			sourceTree = "<group>";
		};
		9612687D195A77C2000C6CBB /* Products */ = {
			isa = PBXGroup;
			children = (
				9612687C195A77C2000C6CBB /* SoundHandShake.app */,
				961268A0195A77C2000C6CBB /* SoundHandShakeTests.xctest */,
			);
			name = Products;
			sourceTree = "<group>";
		};
		9612687E195A77C2000C6CBB /* Frameworks */ = {
			isa = PBXGroup;
			children = (
				961268C9195A7CB1000C6CBB /* Accelerate.framework */,
				961268C7195A7CA9000C6CBB /* CoreAudio.framework */,
				961268C5195A7C9A000C6CBB /* AVFoundation.framework */,
				961268C3195A7C91000C6CBB /* AudioToolbox.framework */,
				9612687F195A77C2000C6CBB /* Foundation.framework */,
				96126881195A77C2000C6CBB /* CoreGraphics.framework */,
				96126883195A77C2000C6CBB /* UIKit.framework */,
				961268A1195A77C2000C6CBB /* XCTest.framework */,
			);
			name = Frameworks;
			sourceTree = "<group>";
		};
		96126885195A77C2000C6CBB /* SoundHandShake */ = {
			isa = PBXGroup;
			children = (
				96EC1BE1195AB030002E56FB /* SoundGeneration */,
				961268B7195A7B24000C6CBB /* PitchDetection */,
				9612688E195A77C2000C6CBB /* AppDelegate.h */,
				9612688F195A77C2000C6CBB /* AppDelegate.m */,
				96126891195A77C2000C6CBB /* Main_iPhone.storyboard */,
				96126894195A77C2000C6CBB /* Main_iPad.storyboard */,
				96126897195A77C2000C6CBB /* ViewController.h */,
				96126898195A77C2000C6CBB /* ViewController.m */,
				9612689A195A77C2000C6CBB /* Images.xcassets */,
				96126886195A77C2000C6CBB /* Supporting Files */,
			);
			path = SoundHandShake;
			sourceTree = "<group>";
		};
		96126886195A77C2000C6CBB /* Supporting Files */ = {
			isa = PBXGroup;
			children = (
				96126887195A77C2000C6CBB /* SoundHandShake-Info.plist */,
				96126888195A77C2000C6CBB /* InfoPlist.strings */,
				9612688B195A77C2000C6CBB /* main.m */,
				9612688D195A77C2000C6CBB /* SoundHandShake-Prefix.pch */,
			);
			name = "Supporting Files";
			sourceTree = "<group>";
		};
		961268A7195A77C2000C6CBB /* SoundHandShakeTests */ = {
			isa = PBXGroup;
			children = (
				961268AD195A77C2000C6CBB /* SoundHandShakeTests.m */,
				961268A8195A77C2000C6CBB /* Supporting Files */,
			);
			path = SoundHandShakeTests;
			sourceTree = "<group>";
		};
		961268A8195A77C2000C6CBB /* Supporting Files */ = {
			isa = PBXGroup;
			children = (
				961268A9195A77C2000C6CBB /* SoundHandShakeTests-Info.plist */,
				961268AA195A77C2000C6CBB /* InfoPlist.strings */,
			);
			name = "Supporting Files";
			sourceTree = "<group>";
		};
		961268B7195A7B24000C6CBB /* PitchDetection */ = {
			isa = PBXGroup;
			children = (
				961268CB195A7D8F000C6CBB /* CADebugPrintf.cpp */,
				961268CC195A7D8F000C6CBB /* CADebugPrintf.h */,
				961268BE195A7C70000C6CBB /* CAXException.h */,
				961268BF195A7C70000C6CBB /* CAXException.cpp */,
				961268C0195A7C70000C6CBB /* CAStreamBasicDescription.h */,
				961268C1195A7C70000C6CBB /* CADebugMacros.h */,
				961268B8195A7B3D000C6CBB /* KeyHelper.h */,
				961268B9195A7B3D000C6CBB /* KeyHelper.m */,
				961268BA195A7B3D000C6CBB /* RIOInterface.h */,
				961268BB195A7B3D000C6CBB /* RIOInterface.mm */,
			);
			name = PitchDetection;
			sourceTree = "<group>";
		};
		96EC1BE1195AB030002E56FB /* SoundGeneration */ = {
			isa = PBXGroup;
			children = (
				96EC1BE5195AB04D002E56FB /* MHAudioBufferPlayer.h */,
				96EC1BE6195AB04D002E56FB /* MHAudioBufferPlayer.m */,
				96EC1BE2195AB042002E56FB /* Synth.h */,
				96EC1BE3195AB042002E56FB /* Synth.m */,
				96685CE7195BBAD800BC5EDA /* ToneGenerator.h */,
				96685CE8195BBAD800BC5EDA /* ToneGenerator.m */,
				96685CEB195BC1C300BC5EDA /* SoundPreference.h */,
				96685CEC195BC1C300BC5EDA /* SoundPreference.m */,
			);
			name = SoundGeneration;
			sourceTree = "<group>";
		};
/* End PBXGroup section */

/* Begin PBXNativeTarget section */
		9612687B195A77C2000C6CBB /* SoundHandShake */ = {
			isa = PBXNativeTarget;
			buildConfigurationList = 961268B1195A77C2000C6CBB /* Build configuration list for PBXNativeTarget "SoundHandShake" */;
			buildPhases = (
				96126878195A77C2000C6CBB /* Sources */,
				96126879195A77C2000C6CBB /* Frameworks */,
				9612687A195A77C2000C6CBB /* Resources */,
			);
			buildRules = (
			);
			dependencies = (
			);
			name = SoundHandShake;
			productName = SoundHandShake;
			productReference = 9612687C195A77C2000C6CBB /* SoundHandShake.app */;
			productType = "com.apple.product-type.application";
		};
		9612689F195A77C2000C6CBB /* SoundHandShakeTests */ = {
			isa = PBXNativeTarget;
			buildConfigurationList = 961268B4195A77C2000C6CBB /* Build configuration list for PBXNativeTarget "SoundHandShakeTests" */;
			buildPhases = (
				9612689C195A77C2000C6CBB /* Sources */,
				9612689D195A77C2000C6CBB /* Frameworks */,
				9612689E195A77C2000C6CBB /* Resources */,
			);
			buildRules = (
			);
			dependencies = (
				961268A6195A77C2000C6CBB /* PBXTargetDependency */,
			);
			name = SoundHandShakeTests;
			productName = SoundHandShakeTests;
			productReference = 961268A0195A77C2000C6CBB /* SoundHandShakeTests.xctest */;
			productType = "com.apple.product-type.bundle.unit-test";
		};
/* End PBXNativeTarget section */

/* Begin PBXProject section */
		96126874195A77C2000C6CBB /* Project object */ = {
			isa = PBXProject;
			attributes = {
				LastUpgradeCheck = 0510;
				ORGANIZATIONNAME = Invisibi;
				TargetAttributes = {
					9612689F195A77C2000C6CBB = {
						TestTargetID = 9612687B195A77C2000C6CBB;
					};
				};
			};
			buildConfigurationList = 96126877195A77C2000C6CBB /* Build configuration list for PBXProject "SoundHandShake" */;
			compatibilityVersion = "Xcode 3.2";
			developmentRegion = English;
			hasScannedForEncodings = 0;
			knownRegions = (
				en,
				Base,
			);
			mainGroup = 96126873195A77C2000C6CBB;
			productRefGroup = 9612687D195A77C2000C6CBB /* Products */;
			projectDirPath = "";
			projectRoot = "";
			targets = (
				9612687B195A77C2000C6CBB /* SoundHandShake */,
				9612689F195A77C2000C6CBB /* SoundHandShakeTests */,
			);
		};
/* End PBXProject section */

/* Begin PBXResourcesBuildPhase section */
		9612687A195A77C2000C6CBB /* Resources */ = {
			isa = PBXResourcesBuildPhase;
			buildActionMask = 2147483647;
			files = (
				96126896195A77C2000C6CBB /* Main_iPad.storyboard in Resources */,
				9612689B195A77C2000C6CBB /* Images.xcassets in Resources */,
				96126893195A77C2000C6CBB /* Main_iPhone.storyboard in Resources */,
				9612688A195A77C2000C6CBB /* InfoPlist.strings in Resources */,
			);
			runOnlyForDeploymentPostprocessing = 0;
		};
		9612689E195A77C2000C6CBB /* Resources */ = {
			isa = PBXResourcesBuildPhase;
			buildActionMask = 2147483647;
			files = (
				961268AC195A77C2000C6CBB /* InfoPlist.strings in Resources */,
			);
			runOnlyForDeploymentPostprocessing = 0;
		};
/* End PBXResourcesBuildPhase section */

/* Begin PBXSourcesBuildPhase section */
		96126878195A77C2000C6CBB /* Sources */ = {
			isa = PBXSourcesBuildPhase;
			buildActionMask = 2147483647;
			files = (
				96EC1BE7195AB04D002E56FB /* MHAudioBufferPlayer.m in Sources */,
				96685CE9195BBAD800BC5EDA /* ToneGenerator.m in Sources */,
				96EC1BE4195AB042002E56FB /* Synth.m in Sources */,
				961268C2195A7C70000C6CBB /* CAXException.cpp in Sources */,
				961268BD195A7B3D000C6CBB /* RIOInterface.mm in Sources */,
				96126899195A77C2000C6CBB /* ViewController.m in Sources */,
				96126890195A77C2000C6CBB /* AppDelegate.m in Sources */,
				9612688C195A77C2000C6CBB /* main.m in Sources */,
				961268CD195A7D8F000C6CBB /* CADebugPrintf.cpp in Sources */,
				96685CED195BC1C300BC5EDA /* SoundPreference.m in Sources */,
				961268BC195A7B3D000C6CBB /* KeyHelper.m in Sources */,
			);
			runOnlyForDeploymentPostprocessing = 0;
		};
		9612689C195A77C2000C6CBB /* Sources */ = {
			isa = PBXSourcesBuildPhase;
			buildActionMask = 2147483647;
			files = (
				961268AE195A77C2000C6CBB /* SoundHandShakeTests.m in Sources */,
			);
			runOnlyForDeploymentPostprocessing = 0;
		};
/* End PBXSourcesBuildPhase section */

/* Begin PBXTargetDependency section */
		961268A6195A77C2000C6CBB /* PBXTargetDependency */ = {
			isa = PBXTargetDependency;
			target = 9612687B195A77C2000C6CBB /* SoundHandShake */;
			targetProxy = 961268A5195A77C2000C6CBB /* PBXContainerItemProxy */;
		};
/* End PBXTargetDependency section */

/* Begin PBXVariantGroup section */
		96126888195A77C2000C6CBB /* InfoPlist.strings */ = {
			isa = PBXVariantGroup;
			children = (
				96126889195A77C2000C6CBB /* en */,
			);
			name = InfoPlist.strings;
			sourceTree = "<group>";
		};
		96126891195A77C2000C6CBB /* Main_iPhone.storyboard */ = {
			isa = PBXVariantGroup;
			children = (
				96126892195A77C2000C6CBB /* Base */,
			);
			name = Main_iPhone.storyboard;
			sourceTree = "<group>";
		};
		96126894195A77C2000C6CBB /* Main_iPad.storyboard */ = {
			isa = PBXVariantGroup;
			children = (
				96126895195A77C2000C6CBB /* Base */,
			);
			name = Main_iPad.storyboard;
			sourceTree = "<group>";
		};
		961268AA195A77C2000C6CBB /* InfoPlist.strings */ = {
			isa = PBXVariantGroup;
			children = (
				961268AB195A77C2000C6CBB /* en */,
			);
			name = InfoPlist.strings;
			sourceTree = "<group>";
		};
/* End PBXVariantGroup section */

/* Begin XCBuildConfiguration section */
		961268AF195A77C2000C6CBB /* Debug */ = {
			isa = XCBuildConfiguration;
			buildSettings = {
				ALWAYS_SEARCH_USER_PATHS = NO;
				CLANG_CXX_LANGUAGE_STANDARD = "gnu++0x";
				CLANG_CXX_LIBRARY = "libc++";
				CLANG_ENABLE_MODULES = YES;
				CLANG_ENABLE_OBJC_ARC = YES;
				CLANG_WARN_BOOL_CONVERSION = YES;
				CLANG_WARN_CONSTANT_CONVERSION = YES;
				CLANG_WARN_DIRECT_OBJC_ISA_USAGE = YES_ERROR;
				CLANG_WARN_EMPTY_BODY = YES;
				CLANG_WARN_ENUM_CONVERSION = YES;
				CLANG_WARN_INT_CONVERSION = YES;
				CLANG_WARN_OBJC_ROOT_CLASS = YES_ERROR;
				CLANG_WARN__DUPLICATE_METHOD_MATCH = YES;
				"CODE_SIGN_IDENTITY[sdk=iphoneos*]" = "iPhone Developer";
				COPY_PHASE_STRIP = NO;
				GCC_C_LANGUAGE_STANDARD = gnu99;
				GCC_DYNAMIC_NO_PIC = NO;
				GCC_OPTIMIZATION_LEVEL = 0;
				GCC_PREPROCESSOR_DEFINITIONS = (
					"DEBUG=1",
					"$(inherited)",
				);
				GCC_SYMBOLS_PRIVATE_EXTERN = NO;
				GCC_WARN_64_TO_32_BIT_CONVERSION = YES;
				GCC_WARN_ABOUT_RETURN_TYPE = YES_ERROR;
				GCC_WARN_UNDECLARED_SELECTOR = YES;
				GCC_WARN_UNINITIALIZED_AUTOS = YES_AGGRESSIVE;
				GCC_WARN_UNUSED_FUNCTION = YES;
				GCC_WARN_UNUSED_VARIABLE = YES;
				IPHONEOS_DEPLOYMENT_TARGET = 7.1;
				ONLY_ACTIVE_ARCH = YES;
				SDKROOT = iphoneos;
				TARGETED_DEVICE_FAMILY = "1,2";
			};
			name = Debug;
		};
		961268B0195A77C2000C6CBB /* Release */ = {
			isa = XCBuildConfiguration;
			buildSettings = {
				ALWAYS_SEARCH_USER_PATHS = NO;
				CLANG_CXX_LANGUAGE_STANDARD = "gnu++0x";
				CLANG_CXX_LIBRARY = "libc++";
				CLANG_ENABLE_MODULES = YES;
				CLANG_ENABLE_OBJC_ARC = YES;
				CLANG_WARN_BOOL_CONVERSION = YES;
				CLANG_WARN_CONSTANT_CONVERSION = YES;
				CLANG_WARN_DIRECT_OBJC_ISA_USAGE = YES_ERROR;
				CLANG_WARN_EMPTY_BODY = YES;
				CLANG_WARN_ENUM_CONVERSION = YES;
				CLANG_WARN_INT_CONVERSION = YES;
				CLANG_WARN_OBJC_ROOT_CLASS = YES_ERROR;
				CLANG_WARN__DUPLICATE_METHOD_MATCH = YES;
				"CODE_SIGN_IDENTITY[sdk=iphoneos*]" = "iPhone Developer";
				COPY_PHASE_STRIP = YES;
				ENABLE_NS_ASSERTIONS = NO;
				GCC_C_LANGUAGE_STANDARD = gnu99;
				GCC_WARN_64_TO_32_BIT_CONVERSION = YES;
				GCC_WARN_ABOUT_RETURN_TYPE = YES_ERROR;
				GCC_WARN_UNDECLARED_SELECTOR = YES;
				GCC_WARN_UNINITIALIZED_AUTOS = YES_AGGRESSIVE;
				GCC_WARN_UNUSED_FUNCTION = YES;
				GCC_WARN_UNUSED_VARIABLE = YES;
				IPHONEOS_DEPLOYMENT_TARGET = 7.1;
				SDKROOT = iphoneos;
				TARGETED_DEVICE_FAMILY = "1,2";
				VALIDATE_PRODUCT = YES;
			};
			name = Release;
		};
		961268B2195A77C2000C6CBB /* Debug */ = {
			isa = XCBuildConfiguration;
			buildSettings = {
				ASSETCATALOG_COMPILER_APPICON_NAME = AppIcon;
				ASSETCATALOG_COMPILER_LAUNCHIMAGE_NAME = LaunchImage;
				GCC_PRECOMPILE_PREFIX_HEADER = YES;
				GCC_PREFIX_HEADER = "SoundHandShake/SoundHandShake-Prefix.pch";
				INFOPLIST_FILE = "SoundHandShake/SoundHandShake-Info.plist";
				PRODUCT_NAME = "$(TARGET_NAME)";
				WRAPPER_EXTENSION = app;
			};
			name = Debug;
		};
		961268B3195A77C2000C6CBB /* Release */ = {
			isa = XCBuildConfiguration;
			buildSettings = {
				ASSETCATALOG_COMPILER_APPICON_NAME = AppIcon;
				ASSETCATALOG_COMPILER_LAUNCHIMAGE_NAME = LaunchImage;
				GCC_PRECOMPILE_PREFIX_HEADER = YES;
				GCC_PREFIX_HEADER = "SoundHandShake/SoundHandShake-Prefix.pch";
				INFOPLIST_FILE = "SoundHandShake/SoundHandShake-Info.plist";
				PRODUCT_NAME = "$(TARGET_NAME)";
				WRAPPER_EXTENSION = app;
			};
			name = Release;
		};
		961268B5195A77C2000C6CBB /* Debug */ = {
			isa = XCBuildConfiguration;
			buildSettings = {
				BUNDLE_LOADER = "$(BUILT_PRODUCTS_DIR)/SoundHandShake.app/SoundHandShake";
				FRAMEWORK_SEARCH_PATHS = (
					"$(SDKROOT)/Developer/Library/Frameworks",
					"$(inherited)",
					"$(DEVELOPER_FRAMEWORKS_DIR)",
				);
				GCC_PRECOMPILE_PREFIX_HEADER = YES;
				GCC_PREFIX_HEADER = "SoundHandShake/SoundHandShake-Prefix.pch";
				GCC_PREPROCESSOR_DEFINITIONS = (
					"DEBUG=1",
					"$(inherited)",
				);
				INFOPLIST_FILE = "SoundHandShakeTests/SoundHandShakeTests-Info.plist";
				PRODUCT_NAME = "$(TARGET_NAME)";
				TEST_HOST = "$(BUNDLE_LOADER)";
				WRAPPER_EXTENSION = xctest;
			};
			name = Debug;
		};
		961268B6195A77C2000C6CBB /* Release */ = {
			isa = XCBuildConfiguration;
			buildSettings = {
				BUNDLE_LOADER = "$(BUILT_PRODUCTS_DIR)/SoundHandShake.app/SoundHandShake";
				FRAMEWORK_SEARCH_PATHS = (
					"$(SDKROOT)/Developer/Library/Frameworks",
					"$(inherited)",
					"$(DEVELOPER_FRAMEWORKS_DIR)",
				);
				GCC_PRECOMPILE_PREFIX_HEADER = YES;
				GCC_PREFIX_HEADER = "SoundHandShake/SoundHandShake-Prefix.pch";
				INFOPLIST_FILE = "SoundHandShakeTests/SoundHandShakeTests-Info.plist";
				PRODUCT_NAME = "$(TARGET_NAME)";
				TEST_HOST = "$(BUNDLE_LOADER)";
				WRAPPER_EXTENSION = xctest;
			};
			name = Release;
		};
/* End XCBuildConfiguration section */

/* Begin XCConfigurationList section */
		96126877195A77C2000C6CBB /* Build configuration list for PBXProject "SoundHandShake" */ = {
			isa = XCConfigurationList;
			buildConfigurations = (
				961268AF195A77C2000C6CBB /* Debug */,
				961268B0195A77C2000C6CBB /* Release */,
			);
			defaultConfigurationIsVisible = 0;
			defaultConfigurationName = Release;
		};
		961268B1195A77C2000C6CBB /* Build configuration list for PBXNativeTarget "SoundHandShake" */ = {
			isa = XCConfigurationList;
			buildConfigurations = (
				961268B2195A77C2000C6CBB /* Debug */,
				961268B3195A77C2000C6CBB /* Release */,
			);
			defaultConfigurationIsVisible = 0;
			defaultConfigurationName = Release;
		};
		961268B4195A77C2000C6CBB /* Build configuration list for PBXNativeTarget "SoundHandShakeTests" */ = {
			isa = XCConfigurationList;
			buildConfigurations = (
				961268B5195A77C2000C6CBB /* Debug */,
				961268B6195A77C2000C6CBB /* Release */,
			);
			defaultConfigurationIsVisible = 0;
			defaultConfigurationName = Release;
		};
/* End XCConfigurationList section */
	};
	rootObject = 96126874195A77C2000C6CBB /* Project object */;
}
